<?xml version="1.0" encoding="utf-8"?>
<Project ToolsVersion="4.0" xmlns="http://schemas.microsoft.com/developer/msbuild/2003">
  <ItemGroup>
    <Filter Include="Source Files">
      <UniqueIdentifier>{448de5f3-e6e0-4dcb-87d1-d47b0f60a0c0}</UniqueIdentifier>
      <Extensions>cpp;c;cxx;rc;def;r;odl;idl;hpj;bat</Extensions>
    </Filter>
    <Filter Include="Header Files">
      <UniqueIdentifier>{878a45e9-7bf6-4c44-9544-deaa7403e45e}</UniqueIdentifier>
      <Extensions>h;hpp;hxx;hm;inl</Extensions>
    </Filter>
    <Filter Include="Resource Files">
      <UniqueIdentifier>{38e3bcac-8a17-457c-bd3f-149fbdc5f517}</UniqueIdentifier>
      <Extensions>ico;cur;bmp;dlg;rc2;rct;bin;rgs;gif;jpg;jpeg;jpe</Extensions>
    </Filter>
  </ItemGroup>
  <ItemGroup>
    <ClCompile Include="Genaux.c">
      <Filter>Source Files</Filter>
    </ClCompile>
    <ClCompile Include="Genetic.c">
      <Filter>Source Files</Filter>
    </ClCompile>
    <ClCompile Include="Gengrf.c">
      <Filter>Source Files</Filter>
    </ClCompile>
    <ClCompile Include="Gengui.c">
      <Filter>Source Files</Filter>
    </ClCompile>
    <ClCompile Include="Main.c">
      <Filter>Source Files</Filter>
    </ClCompile>
  </ItemGroup>
  <ItemGroup>
    <ClInclude Include="Genaux.h">
      <Filter>Source Files</Filter>
    </ClInclude>
    <ClInclude Include="Genetic.h">
      <Filter>Source Files</Filter>
    </ClInclude>
    <ClInclude Include="Gengui.h">
      <Filter>Source Files</Filter>
    </ClInclude>
    <ClInclude Include="gengrf.h">
      <Filter>Source Files</Filter>
    </ClInclude>
    <ClInclude Include="defs.h">
      <Filter>Header Files</Filter>
    </ClInclude>
  </ItemGroup>
  <ItemGroup>
    <None Include="do.bat">
      <Filter>Source Files</Filter>
    </None>
  </ItemGroup>
  <ItemGroup>
    <Library Include="Lib\Library.lib">
      <Filter>Resource Files</Filter>
    </Library>
  </ItemGroup>
  <ItemGroup>
    <Text Include="notas_importantes.txt" />
  </ItemGroup>
</Project>